{
  "name": "sb-admin-2",
  "version": "3.3.7+1",
  "lockfileVersion": 1,
  "requires": true,
  "dependencies": {
    "bootstrap-select": {
      "version": "1.13.3",
      "resolved": "https://registry.npmjs.org/bootstrap-select/-/bootstrap-select-1.13.3.tgz",
      "integrity": "sha512-XzMwLFqRJQb142zR3ev57bZl66/h/RRguMODVfH0w2YTcJrqU+VCO6CserMxsVF4JE6hX9O99MQGZxgWZiitfg=="
    }
  }
}
